
Microsoft Visual Studio Solution File, Format Version 12.00
# Visual Studio Version 17
VisualStudioVersion = 17.9.34723.18
MinimumVisualStudioVersion = 10.0.40219.1
Project("{FAE04EC0-301F-11D3-BF4B-00C04F79EFBC}") = "dz2 - 2. zadatak", "dz2 - 2. zadatak.csproj", "{325554B0-E0E0-40D7-8941-A78FBD9FEFF3}"
EndProject
Project("{9A19103F-16F7-4668-BE54-9A1E7A4F7556}") = "dz2", "..\dz2 - 1. zadatak\dz2.csproj", "{8749C372-3CE2-4BC4-93EB-AC6DE32AC1E9}"
EndProject
Global
	GlobalSection(SolutionConfigurationPlatforms) = preSolution
		Debug|Any CPU = Debug|Any CPU
		Release|Any CPU = Release|Any CPU
	EndGlobalSection
	GlobalSection(ProjectConfigurationPlatforms) = postSolution
		{325554B0-E0E0-40D7-8941-A78FBD9FEFF3}.Debug|Any CPU.ActiveCfg = Debug|Any CPU
		{325554B0-E0E0-40D7-8941-A78FBD9FEFF3}.Debug|Any CPU.Build.0 = Debug|Any CPU
		{325554B0-E0E0-40D7-8941-A78FBD9FEFF3}.Release|Any CPU.ActiveCfg = Release|Any CPU
		{325554B0-E0E0-40D7-8941-A78FBD9FEFF3}.Release|Any CPU.Build.0 = Release|Any CPU
		{8749C372-3CE2-4BC4-93EB-AC6DE32AC1E9}.Debug|Any CPU.ActiveCfg = Debug|Any CPU
		{8749C372-3CE2-4BC4-93EB-AC6DE32AC1E9}.Debug|Any CPU.Build.0 = Debug|Any CPU
		{8749C372-3CE2-4BC4-93EB-AC6DE32AC1E9}.Release|Any CPU.ActiveCfg = Release|Any CPU
		{8749C372-3CE2-4BC4-93EB-AC6DE32AC1E9}.Release|Any CPU.Build.0 = Release|Any CPU
	EndGlobalSection
	GlobalSection(SolutionProperties) = preSolution
		HideSolutionNode = FALSE
	EndGlobalSection
	GlobalSection(ExtensibilityGlobals) = postSolution
		SolutionGuid = {9731E485-2ED3-4071-9FC2-B310F536A0ED}
	EndGlobalSection
EndGlobal
